
Microsoft Visual Studio Solution File, Format Version 12.00
# Visual Studio Version 17
VisualStudioVersion = 17.7.34031.279
MinimumVisualStudioVersion = 10.0.40219.1
Project("{FAE04EC0-301F-11D3-BF4B-00C04F79EFBC}") = "SOLID-Principles", "SOLID-Principles\SOLID-Principles.csproj", "{9C1EEB2B-365A-4F22-9456-FFD581C3D92A}"
EndProject
Global
	GlobalSection(SolutionConfigurationPlatforms) = preSolution
		Debug|Any CPU = Debug|Any CPU
		Release|Any CPU = Release|Any CPU
	EndGlobalSection
	GlobalSection(ProjectConfigurationPlatforms) = postSolution
		{9C1EEB2B-365A-4F22-9456-FFD581C3D92A}.Debug|Any CPU.ActiveCfg = Debug|Any CPU
		{9C1EEB2B-365A-4F22-9456-FFD581C3D92A}.Debug|Any CPU.Build.0 = Debug|Any CPU
		{9C1EEB2B-365A-4F22-9456-FFD581C3D92A}.Release|Any CPU.ActiveCfg = Release|Any CPU
		{9C1EEB2B-365A-4F22-9456-FFD581C3D92A}.Release|Any CPU.Build.0 = Release|Any CPU
	EndGlobalSection
	GlobalSection(SolutionProperties) = preSolution
		HideSolutionNode = FALSE
	EndGlobalSection
	GlobalSection(ExtensibilityGlobals) = postSolution
		SolutionGuid = {C6572CDD-1B03-4641-9876-14ED8AE936B7}
	EndGlobalSection
EndGlobal
